
Microsoft Visual Studio Solution File, Format Version 12.00
# Visual Studio 15
VisualStudioVersion = 15.0.27703.2042
MinimumVisualStudioVersion = 10.0.40219.1
Project("{8BC9CEB8-8B4A-11D0-8D11-00A0C91BC942}") = "Crypt", "Crypt\Crypt.vcxproj", "{E9A37626-EF70-4545-8765-8BDD9F36907A}"
EndProject
Project("{8BC9CEB8-8B4A-11D0-8D11-00A0C91BC942}") = "Test", "Test\Test.vcxproj", "{8FF9CBD7-B683-4728-A9D7-A215473C1114}"
EndProject
Global
	GlobalSection(SolutionConfigurationPlatforms) = preSolution
		Debug|x64 = Debug|x64
		Debug|x86 = Debug|x86
		Release|x64 = Release|x64
		Release|x86 = Release|x86
	EndGlobalSection
	GlobalSection(ProjectConfigurationPlatforms) = postSolution
		{E9A37626-EF70-4545-8765-8BDD9F36907A}.Debug|x64.ActiveCfg = Debug|x64
		{E9A37626-EF70-4545-8765-8BDD9F36907A}.Debug|x64.Build.0 = Debug|x64
		{E9A37626-EF70-4545-8765-8BDD9F36907A}.Debug|x86.ActiveCfg = Debug|Win32
		{E9A37626-EF70-4545-8765-8BDD9F36907A}.Debug|x86.Build.0 = Debug|Win32
		{E9A37626-EF70-4545-8765-8BDD9F36907A}.Release|x64.ActiveCfg = Release|x64
		{E9A37626-EF70-4545-8765-8BDD9F36907A}.Release|x64.Build.0 = Release|x64
		{E9A37626-EF70-4545-8765-8BDD9F36907A}.Release|x86.ActiveCfg = Release|Win32
		{E9A37626-EF70-4545-8765-8BDD9F36907A}.Release|x86.Build.0 = Release|Win32
		{8FF9CBD7-B683-4728-A9D7-A215473C1114}.Debug|x64.ActiveCfg = Debug|x64
		{8FF9CBD7-B683-4728-A9D7-A215473C1114}.Debug|x64.Build.0 = Debug|x64
		{8FF9CBD7-B683-4728-A9D7-A215473C1114}.Debug|x86.ActiveCfg = Debug|Win32
		{8FF9CBD7-B683-4728-A9D7-A215473C1114}.Debug|x86.Build.0 = Debug|Win32
		{8FF9CBD7-B683-4728-A9D7-A215473C1114}.Release|x64.ActiveCfg = Release|x64
		{8FF9CBD7-B683-4728-A9D7-A215473C1114}.Release|x64.Build.0 = Release|x64
		{8FF9CBD7-B683-4728-A9D7-A215473C1114}.Release|x86.ActiveCfg = Release|Win32
		{8FF9CBD7-B683-4728-A9D7-A215473C1114}.Release|x86.Build.0 = Release|Win32
	EndGlobalSection
	GlobalSection(SolutionProperties) = preSolution
		HideSolutionNode = FALSE
	EndGlobalSection
	GlobalSection(ExtensibilityGlobals) = postSolution
		SolutionGuid = {CC61BCF2-3F12-48D2-9D3D-1E9149B96ACA}
	EndGlobalSection
EndGlobal
