<?xml version="1.0" encoding="utf-8"?>
<Project ToolsVersion="4.0" xmlns="http://schemas.microsoft.com/developer/msbuild/2003">
  <ItemGroup>
    <Filter Include="Исходные файлы">
      <UniqueIdentifier>{4FC737F1-C7A5-4376-A066-2A32D752A2FF}</UniqueIdentifier>
      <Extensions>cpp;c;cc;cxx;def;odl;idl;hpj;bat;asm;asmx</Extensions>
    </Filter>
    <Filter Include="Файлы заголовков">
      <UniqueIdentifier>{93995380-89BD-4b04-88EB-625FBE52EBFB}</UniqueIdentifier>
      <Extensions>h;hh;hpp;hxx;hm;inl;inc;ipp;xsd</Extensions>
    </Filter>
    <Filter Include="Файлы ресурсов">
      <UniqueIdentifier>{67DA6AB6-F800-4c08-8B7A-83BB121AAD01}</UniqueIdentifier>
      <Extensions>rc;ico;cur;bmp;dlg;rc2;rct;bin;rgs;gif;jpg;jpeg;jpe;resx;tiff;tif;png;wav;mfcribbon-ms</Extensions>
    </Filter>
  </ItemGroup>
  <ItemGroup>
    <ClCompile Include="tt.cpp">
      <Filter>Исходные файлы</Filter>
    </ClCompile>
    <ClCompile Include="NCryptHashXor.cpp">
      <Filter>Исходные файлы</Filter>
    </ClCompile>
    <ClCompile Include="NCryptBase.cpp">
      <Filter>Исходные файлы</Filter>
    </ClCompile>
    <ClCompile Include="bigint.cpp">
      <Filter>Исходные файлы</Filter>
    </ClCompile>
    <ClCompile Include="NCryptHashSHA3.cpp">
      <Filter>Исходные файлы</Filter>
    </ClCompile>
    <ClCompile Include="NCryptSymIDEA.cpp">
      <Filter>Исходные файлы</Filter>
    </ClCompile>
    <ClCompile Include="NCryptConnectionWS.cpp">
      <Filter>Исходные файлы</Filter>
    </ClCompile>
    <ClCompile Include="NCryptSyncDiffHelm.cpp">
      <Filter>Исходные файлы</Filter>
    </ClCompile>
    <ClCompile Include="NCryptChannel.cpp">
      <Filter>Исходные файлы</Filter>
    </ClCompile>
    <ClCompile Include="NCryptAuthRSA.cpp">
      <Filter>Исходные файлы</Filter>
    </ClCompile>
  </ItemGroup>
  <ItemGroup>
    <ClInclude Include="main.cpp">
      <Filter>Исходные файлы</Filter>
    </ClInclude>
    <ClInclude Include="tt.h">
      <Filter>Файлы заголовков</Filter>
    </ClInclude>
    <ClInclude Include="NCryptHashXor.h">
      <Filter>Файлы заголовков</Filter>
    </ClInclude>
    <ClInclude Include="NCryptBase.h">
      <Filter>Файлы заголовков</Filter>
    </ClInclude>
    <ClInclude Include="NCryptXor.h">
      <Filter>Файлы заголовков</Filter>
    </ClInclude>
    <ClInclude Include="bigint.h">
      <Filter>Файлы заголовков</Filter>
    </ClInclude>
    <ClInclude Include="NCryptAuthRSA.h">
      <Filter>Файлы заголовков</Filter>
    </ClInclude>
    <ClInclude Include="NCryptHashSHA3.h">
      <Filter>Файлы заголовков</Filter>
    </ClInclude>
    <ClInclude Include="NCryptSymIDEA.h">
      <Filter>Файлы заголовков</Filter>
    </ClInclude>
    <ClInclude Include="NCryptSyncDiffHelm.h">
      <Filter>Файлы заголовков</Filter>
    </ClInclude>
    <ClInclude Include="NCryptConnectionWS.h">
      <Filter>Файлы заголовков</Filter>
    </ClInclude>
    <ClInclude Include="NCryptChannel.h">
      <Filter>Файлы заголовков</Filter>
    </ClInclude>
  </ItemGroup>
</Project>